// !$*UTF8*$!
{
	archiveVersion = 1;
	classes = {
	};
	objectVersion = 48;
	objects = {

/* Begin PBXBuildFile section */
		040DC14D212D017F00FA6699 /* YGEditUserInfoVC.m in Sources */ = {isa = PBXBuildFile; fileRef = 040DC14C212D017F00FA6699 /* YGEditUserInfoVC.m */; };
		040DC151212D09F500FA6699 /* HAlertController.m in Sources */ = {isa = PBXBuildFile; fileRef = 040DC150212D09F500FA6699 /* HAlertController.m */; };
		040DC154212D0AA800FA6699 /* MicAssistant.m in Sources */ = {isa = PBXBuildFile; fileRef = 040DC153212D0AA800FA6699 /* MicAssistant.m */; };
		040DC157212D0B5C00FA6699 /* YGImagePickerController.m in Sources */ = {isa = PBXBuildFile; fileRef = 040DC156212D0B5C00FA6699 /* YGImagePickerController.m */; };
		040DC15B212D0C9200FA6699 /* UIAlertView+Block.m in Sources */ = {isa = PBXBuildFile; fileRef = 040DC15A212D0C9200FA6699 /* UIAlertView+Block.m */; };
		040DC15E212D14F600FA6699 /* NSString+Contains.m in Sources */ = {isa = PBXBuildFile; fileRef = 040DC15D212D14F600FA6699 /* NSString+Contains.m */; };
		040DC161212D154000FA6699 /* UtilTextLimit.m in Sources */ = {isa = PBXBuildFile; fileRef = 040DC160212D154000FA6699 /* UtilTextLimit.m */; };
		040DC167212D300D00FA6699 /* UINavigationController+FDFullscreenPopGesture.m in Sources */ = {isa = PBXBuildFile; fileRef = 040DC164212D300D00FA6699 /* UINavigationController+FDFullscreenPopGesture.m */; };
		040DC168212D300D00FA6699 /* UINavigationController+StackManager.m in Sources */ = {isa = PBXBuildFile; fileRef = 040DC166212D300D00FA6699 /* UINavigationController+StackManager.m */; };
		040DC16B212D316A00FA6699 /* GPSServerManager.m in Sources */ = {isa = PBXBuildFile; fileRef = 040DC16A212D316A00FA6699 /* GPSServerManager.m */; };
		0441E4C771207A5B2E6C39C2 /* libPods-YoGa.a in Frameworks */ = {isa = PBXBuildFile; fileRef = 2150BDBBFE7BEA9AE4A8AD11 /* libPods-YoGa.a */; };
		04638467213CC97800FAD580 /* YGAddressDetailByMapVC.m in Sources */ = {isa = PBXBuildFile; fileRef = 04638466213CC97800FAD580 /* YGAddressDetailByMapVC.m */; };
		0463846A213CCA5700FAD580 /* MapAnnotation.m in Sources */ = {isa = PBXBuildFile; fileRef = 04638469213CCA5700FAD580 /* MapAnnotation.m */; };
		04F84FCB2134E793006320DF /* YGDBManager.m in Sources */ = {isa = PBXBuildFile; fileRef = 04F84FCA2134E793006320DF /* YGDBManager.m */; };
		04FEA4DD2114793C00E646BF /* YGStadiumCell.m in Sources */ = {isa = PBXBuildFile; fileRef = 04FEA4DC2114793C00E646BF /* YGStadiumCell.m */; };
		A7066CDD211FC9B100B92231 /* YGStadiumDetailVC.m in Sources */ = {isa = PBXBuildFile; fileRef = A7066CDC211FC9B100B92231 /* YGStadiumDetailVC.m */; };
		A7066CE0211FCA9200B92231 /* YGStadiumDetailHeadView.m in Sources */ = {isa = PBXBuildFile; fileRef = A7066CDF211FCA9200B92231 /* YGStadiumDetailHeadView.m */; };
		A7066CE3211FCB5800B92231 /* YGCourseCell.m in Sources */ = {isa = PBXBuildFile; fileRef = A7066CE2211FCB5800B92231 /* YGCourseCell.m */; };
		A7066CE6211FCCFC00B92231 /* YGCourseModel.m in Sources */ = {isa = PBXBuildFile; fileRef = A7066CE5211FCCFC00B92231 /* YGCourseModel.m */; };
		A7066CE9211FCE6200B92231 /* YGImageTextHView.m in Sources */ = {isa = PBXBuildFile; fileRef = A7066CE8211FCE6200B92231 /* YGImageTextHView.m */; };
		A7066CEC211FE50100B92231 /* YGSelectedDateView.m in Sources */ = {isa = PBXBuildFile; fileRef = A7066CEB211FE50100B92231 /* YGSelectedDateView.m */; };
		A7066CEF211FE78900B92231 /* YGSelectDateModel.m in Sources */ = {isa = PBXBuildFile; fileRef = A7066CEE211FE78900B92231 /* YGSelectDateModel.m */; };
		A7066CF22120148B00B92231 /* YGMyCourseViewController.m in Sources */ = {isa = PBXBuildFile; fileRef = A7066CF12120148B00B92231 /* YGMyCourseViewController.m */; };
		A7066CF52120149D00B92231 /* YGFeedBackViewController.m in Sources */ = {isa = PBXBuildFile; fileRef = A7066CF42120149D00B92231 /* YGFeedBackViewController.m */; };
		A7066CF8212014B700B92231 /* YGAboutViewController.m in Sources */ = {isa = PBXBuildFile; fileRef = A7066CF7212014B700B92231 /* YGAboutViewController.m */; };
		A7066CFB212014D700B92231 /* YGSelfInfoViewController.m in Sources */ = {isa = PBXBuildFile; fileRef = A7066CFA212014D700B92231 /* YGSelfInfoViewController.m */; };
		A7066CFF2120272D00B92231 /* UITextView+PlaceHolder.m in Sources */ = {isa = PBXBuildFile; fileRef = A7066CFE2120272D00B92231 /* UITextView+PlaceHolder.m */; };
		A7066D03212027CB00B92231 /* UIView+Frame.m in Sources */ = {isa = PBXBuildFile; fileRef = A7066D02212027CB00B92231 /* UIView+Frame.m */; };
		A71877412121C3290097951E /* BaseModel.m in Sources */ = {isa = PBXBuildFile; fileRef = A71877362121C3290097951E /* BaseModel.m */; };
		A71877422121C3290097951E /* HttpClient.m in Sources */ = {isa = PBXBuildFile; fileRef = A71877382121C3290097951E /* HttpClient.m */; };
		A71877432121C3290097951E /* NetCache.m in Sources */ = {isa = PBXBuildFile; fileRef = A718773A2121C3290097951E /* NetCache.m */; };
		A71877442121C3290097951E /* NSDictionary+BaseModel.m in Sources */ = {isa = PBXBuildFile; fileRef = A718773C2121C3290097951E /* NSDictionary+BaseModel.m */; };
		A71877452121C3290097951E /* NSString+BaseModel.m in Sources */ = {isa = PBXBuildFile; fileRef = A718773E2121C3290097951E /* NSString+BaseModel.m */; };
		A71877462121C3290097951E /* StatusModel.m in Sources */ = {isa = PBXBuildFile; fileRef = A71877402121C3290097951E /* StatusModel.m */; };
		A71877492121C3C00097951E /* NSString+Hash.m in Sources */ = {isa = PBXBuildFile; fileRef = A71877472121C3C00097951E /* NSString+Hash.m */; };
		A718774C2121C45E0097951E /* DataManager.m in Sources */ = {isa = PBXBuildFile; fileRef = A718774B2121C45E0097951E /* DataManager.m */; };
		A718774F2121C48E0097951E /* NSDate+Extension.m in Sources */ = {isa = PBXBuildFile; fileRef = A718774E2121C48E0097951E /* NSDate+Extension.m */; };
		A71F6C342118987900DDFA85 /* UIButton+ImageText_V.m in Sources */ = {isa = PBXBuildFile; fileRef = A71F6C332118987900DDFA85 /* UIButton+ImageText_V.m */; };
		A78BCE172111F04E00E6A48A /* AppDelegate.m in Sources */ = {isa = PBXBuildFile; fileRef = A78BCE162111F04E00E6A48A /* AppDelegate.m */; };
		A78BCE1F2111F04E00E6A48A /* Assets.xcassets in Resources */ = {isa = PBXBuildFile; fileRef = A78BCE1E2111F04E00E6A48A /* Assets.xcassets */; };
		A78BCE252111F04E00E6A48A /* main.m in Sources */ = {isa = PBXBuildFile; fileRef = A78BCE242111F04E00E6A48A /* main.m */; };
		A78BCE382111F73900E6A48A /* YGMainTabbarViewController.m in Sources */ = {isa = PBXBuildFile; fileRef = A78BCE372111F73900E6A48A /* YGMainTabbarViewController.m */; };
		A78BCE3B2111F7C200E6A48A /* YGMeViewConter.m in Sources */ = {isa = PBXBuildFile; fileRef = A78BCE3A2111F7C200E6A48A /* YGMeViewConter.m */; };
		A78BCE402111F80200E6A48A /* YGBaseViewController.m in Sources */ = {isa = PBXBuildFile; fileRef = A78BCE3F2111F80200E6A48A /* YGBaseViewController.m */; };
		A78BCE442111F96500E6A48A /* YGStadiumViewController.m in Sources */ = {isa = PBXBuildFile; fileRef = A78BCE432111F96500E6A48A /* YGStadiumViewController.m */; };
		A79195E721133D6D0080757B /* YGLoginViewController.m in Sources */ = {isa = PBXBuildFile; fileRef = A79195E621133D6D0080757B /* YGLoginViewController.m */; };
		A7CB46FA21290C1300AFD218 /* HUDManager.m in Sources */ = {isa = PBXBuildFile; fileRef = A7CB46F821290C1300AFD218 /* HUDManager.m */; };
		A7CB46FD21290C4700AFD218 /* BaseModel+HUD.m in Sources */ = {isa = PBXBuildFile; fileRef = A7CB46FB21290C4600AFD218 /* BaseModel+HUD.m */; };
		A7CB470021290CC700AFD218 /* NSString+MyString.m in Sources */ = {isa = PBXBuildFile; fileRef = A7CB46FF21290CC700AFD218 /* NSString+MyString.m */; };
		A7CB4703212914F100AFD218 /* YGUserInfo.m in Sources */ = {isa = PBXBuildFile; fileRef = A7CB4702212914F100AFD218 /* YGUserInfo.m */; };
		A7CB47112129242E00AFD218 /* MJDIYFooter.m in Sources */ = {isa = PBXBuildFile; fileRef = A7CB47092129242D00AFD218 /* MJDIYFooter.m */; };
		A7CB47122129242E00AFD218 /* MyActivityIndicatorView.m in Sources */ = {isa = PBXBuildFile; fileRef = A7CB470A2129242D00AFD218 /* MyActivityIndicatorView.m */; };
		A7CB47132129242E00AFD218 /* MJDIYHeader.m in Sources */ = {isa = PBXBuildFile; fileRef = A7CB470C2129242E00AFD218 /* MJDIYHeader.m */; };
		A7CB47142129242E00AFD218 /* MyRefreshHUD.m in Sources */ = {isa = PBXBuildFile; fileRef = A7CB470F2129242E00AFD218 /* MyRefreshHUD.m */; };
		A7CB47172129471300AFD218 /* NSString+Size.m in Sources */ = {isa = PBXBuildFile; fileRef = A7CB47162129471300AFD218 /* NSString+Size.m */; };
		A7CB471A212947EC00AFD218 /* YGStadiumSearchViewController.m in Sources */ = {isa = PBXBuildFile; fileRef = A7CB4719212947EC00AFD218 /* YGStadiumSearchViewController.m */; };
		A7FF6BF12118492D001D30C3 /* YGStadiumModel.m in Sources */ = {isa = PBXBuildFile; fileRef = A7FF6BF02118492D001D30C3 /* YGStadiumModel.m */; };
/* End PBXBuildFile section */

/* Begin PBXFileReference section */
		040DC14B212D017F00FA6699 /* YGEditUserInfoVC.h */ = {isa = PBXFileReference; lastKnownFileType = sourcecode.c.h; path = YGEditUserInfoVC.h; sourceTree = "<group>"; };
		040DC14C212D017F00FA6699 /* YGEditUserInfoVC.m */ = {isa = PBXFileReference; lastKnownFileType = sourcecode.c.objc; path = YGEditUserInfoVC.m; sourceTree = "<group>"; };
		040DC14F212D09F500FA6699 /* HAlertController.h */ = {isa = PBXFileReference; fileEncoding = 4; lastKnownFileType = sourcecode.c.h; path = HAlertController.h; sourceTree = "<group>"; };
		040DC150212D09F500FA6699 /* HAlertController.m */ = {isa = PBXFileReference; fileEncoding = 4; lastKnownFileType = sourcecode.c.objc; path = HAlertController.m; sourceTree = "<group>"; };
		040DC152212D0AA800FA6699 /* MicAssistant.h */ = {isa = PBXFileReference; fileEncoding = 4; lastKnownFileType = sourcecode.c.h; path = MicAssistant.h; sourceTree = "<group>"; };
		040DC153212D0AA800FA6699 /* MicAssistant.m */ = {isa = PBXFileReference; fileEncoding = 4; lastKnownFileType = sourcecode.c.objc; path = MicAssistant.m; sourceTree = "<group>"; };
		040DC155212D0B5C00FA6699 /* YGImagePickerController.h */ = {isa = PBXFileReference; lastKnownFileType = sourcecode.c.h; path = YGImagePickerController.h; sourceTree = "<group>"; };
		040DC156212D0B5C00FA6699 /* YGImagePickerController.m */ = {isa = PBXFileReference; lastKnownFileType = sourcecode.c.objc; path = YGImagePickerController.m; sourceTree = "<group>"; };
		040DC159212D0C9200FA6699 /* UIAlertView+Block.h */ = {isa = PBXFileReference; fileEncoding = 4; lastKnownFileType = sourcecode.c.h; path = "UIAlertView+Block.h"; sourceTree = "<group>"; };
		040DC15A212D0C9200FA6699 /* UIAlertView+Block.m */ = {isa = PBXFileReference; fileEncoding = 4; lastKnownFileType = sourcecode.c.objc; path = "UIAlertView+Block.m"; sourceTree = "<group>"; };
		040DC15C212D14F600FA6699 /* NSString+Contains.h */ = {isa = PBXFileReference; fileEncoding = 4; lastKnownFileType = sourcecode.c.h; path = "NSString+Contains.h"; sourceTree = "<group>"; };
		040DC15D212D14F600FA6699 /* NSString+Contains.m */ = {isa = PBXFileReference; fileEncoding = 4; lastKnownFileType = sourcecode.c.objc; path = "NSString+Contains.m"; sourceTree = "<group>"; };
		040DC15F212D154000FA6699 /* UtilTextLimit.h */ = {isa = PBXFileReference; fileEncoding = 4; lastKnownFileType = sourcecode.c.h; path = UtilTextLimit.h; sourceTree = "<group>"; };
		040DC160212D154000FA6699 /* UtilTextLimit.m */ = {isa = PBXFileReference; fileEncoding = 4; lastKnownFileType = sourcecode.c.objc; path = UtilTextLimit.m; sourceTree = "<group>"; };
		040DC163212D300D00FA6699 /* UINavigationController+FDFullscreenPopGesture.h */ = {isa = PBXFileReference; fileEncoding = 4; lastKnownFileType = sourcecode.c.h; path = "UINavigationController+FDFullscreenPopGesture.h"; sourceTree = "<group>"; };
		040DC164212D300D00FA6699 /* UINavigationController+FDFullscreenPopGesture.m */ = {isa = PBXFileReference; fileEncoding = 4; lastKnownFileType = sourcecode.c.objc; path = "UINavigationController+FDFullscreenPopGesture.m"; sourceTree = "<group>"; };
		040DC165212D300D00FA6699 /* UINavigationController+StackManager.h */ = {isa = PBXFileReference; fileEncoding = 4; lastKnownFileType = sourcecode.c.h; path = "UINavigationController+StackManager.h"; sourceTree = "<group>"; };
		040DC166212D300D00FA6699 /* UINavigationController+StackManager.m */ = {isa = PBXFileReference; fileEncoding = 4; lastKnownFileType = sourcecode.c.objc; path = "UINavigationController+StackManager.m"; sourceTree = "<group>"; };
		040DC169212D316A00FA6699 /* GPSServerManager.h */ = {isa = PBXFileReference; fileEncoding = 4; lastKnownFileType = sourcecode.c.h; path = GPSServerManager.h; sourceTree = "<group>"; };
		040DC16A212D316A00FA6699 /* GPSServerManager.m */ = {isa = PBXFileReference; fileEncoding = 4; lastKnownFileType = sourcecode.c.objc; path = GPSServerManager.m; sourceTree = "<group>"; };
		04638465213CC97800FAD580 /* YGAddressDetailByMapVC.h */ = {isa = PBXFileReference; lastKnownFileType = sourcecode.c.h; path = YGAddressDetailByMapVC.h; sourceTree = "<group>"; };
		04638466213CC97800FAD580 /* YGAddressDetailByMapVC.m */ = {isa = PBXFileReference; lastKnownFileType = sourcecode.c.objc; path = YGAddressDetailByMapVC.m; sourceTree = "<group>"; };
		04638468213CCA5700FAD580 /* MapAnnotation.h */ = {isa = PBXFileReference; lastKnownFileType = sourcecode.c.h; path = MapAnnotation.h; sourceTree = "<group>"; };
		04638469213CCA5700FAD580 /* MapAnnotation.m */ = {isa = PBXFileReference; lastKnownFileType = sourcecode.c.objc; path = MapAnnotation.m; sourceTree = "<group>"; };
		04F84FC92134E793006320DF /* YGDBManager.h */ = {isa = PBXFileReference; lastKnownFileType = sourcecode.c.h; path = YGDBManager.h; sourceTree = "<group>"; };
		04F84FCA2134E793006320DF /* YGDBManager.m */ = {isa = PBXFileReference; lastKnownFileType = sourcecode.c.objc; path = YGDBManager.m; sourceTree = "<group>"; };
		04FEA4DB2114793C00E646BF /* YGStadiumCell.h */ = {isa = PBXFileReference; lastKnownFileType = sourcecode.c.h; path = YGStadiumCell.h; sourceTree = "<group>"; };
		04FEA4DC2114793C00E646BF /* YGStadiumCell.m */ = {isa = PBXFileReference; lastKnownFileType = sourcecode.c.objc; path = YGStadiumCell.m; sourceTree = "<group>"; };
		0E623DC9143D5EB30C79F11C /* Pods-YoGa.debug.xcconfig */ = {isa = PBXFileReference; includeInIndex = 1; lastKnownFileType = text.xcconfig; name = "Pods-YoGa.debug.xcconfig"; path = "Pods/Target Support Files/Pods-YoGa/Pods-YoGa.debug.xcconfig"; sourceTree = "<group>"; };
		2150BDBBFE7BEA9AE4A8AD11 /* libPods-YoGa.a */ = {isa = PBXFileReference; explicitFileType = archive.ar; includeInIndex = 0; path = "libPods-YoGa.a"; sourceTree = BUILT_PRODUCTS_DIR; };
		659A1613AEB23BB91E3490FA /* Pods-YoGa.release.xcconfig */ = {isa = PBXFileReference; includeInIndex = 1; lastKnownFileType = text.xcconfig; name = "Pods-YoGa.release.xcconfig"; path = "Pods/Target Support Files/Pods-YoGa/Pods-YoGa.release.xcconfig"; sourceTree = "<group>"; };
		A7066CDB211FC9B100B92231 /* YGStadiumDetailVC.h */ = {isa = PBXFileReference; lastKnownFileType = sourcecode.c.h; path = YGStadiumDetailVC.h; sourceTree = "<group>"; };
		A7066CDC211FC9B100B92231 /* YGStadiumDetailVC.m */ = {isa = PBXFileReference; lastKnownFileType = sourcecode.c.objc; path = YGStadiumDetailVC.m; sourceTree = "<group>"; };
		A7066CDE211FCA9200B92231 /* YGStadiumDetailHeadView.h */ = {isa = PBXFileReference; lastKnownFileType = sourcecode.c.h; path = YGStadiumDetailHeadView.h; sourceTree = "<group>"; };
		A7066CDF211FCA9200B92231 /* YGStadiumDetailHeadView.m */ = {isa = PBXFileReference; lastKnownFileType = sourcecode.c.objc; path = YGStadiumDetailHeadView.m; sourceTree = "<group>"; };
		A7066CE1211FCB5800B92231 /* YGCourseCell.h */ = {isa = PBXFileReference; lastKnownFileType = sourcecode.c.h; path = YGCourseCell.h; sourceTree = "<group>"; };
		A7066CE2211FCB5800B92231 /* YGCourseCell.m */ = {isa = PBXFileReference; lastKnownFileType = sourcecode.c.objc; path = YGCourseCell.m; sourceTree = "<group>"; };
		A7066CE4211FCCFC00B92231 /* YGCourseModel.h */ = {isa = PBXFileReference; lastKnownFileType = sourcecode.c.h; path = YGCourseModel.h; sourceTree = "<group>"; };
		A7066CE5211FCCFC00B92231 /* YGCourseModel.m */ = {isa = PBXFileReference; lastKnownFileType = sourcecode.c.objc; path = YGCourseModel.m; sourceTree = "<group>"; };
		A7066CE7211FCE6200B92231 /* YGImageTextHView.h */ = {isa = PBXFileReference; lastKnownFileType = sourcecode.c.h; path = YGImageTextHView.h; sourceTree = "<group>"; };
		A7066CE8211FCE6200B92231 /* YGImageTextHView.m */ = {isa = PBXFileReference; lastKnownFileType = sourcecode.c.objc; path = YGImageTextHView.m; sourceTree = "<group>"; };
		A7066CEA211FE50100B92231 /* YGSelectedDateView.h */ = {isa = PBXFileReference; lastKnownFileType = sourcecode.c.h; path = YGSelectedDateView.h; sourceTree = "<group>"; };
		A7066CEB211FE50100B92231 /* YGSelectedDateView.m */ = {isa = PBXFileReference; lastKnownFileType = sourcecode.c.objc; path = YGSelectedDateView.m; sourceTree = "<group>"; };
		A7066CED211FE78900B92231 /* YGSelectDateModel.h */ = {isa = PBXFileReference; lastKnownFileType = sourcecode.c.h; path = YGSelectDateModel.h; sourceTree = "<group>"; };
		A7066CEE211FE78900B92231 /* YGSelectDateModel.m */ = {isa = PBXFileReference; lastKnownFileType = sourcecode.c.objc; path = YGSelectDateModel.m; sourceTree = "<group>"; };
		A7066CF02120148B00B92231 /* YGMyCourseViewController.h */ = {isa = PBXFileReference; lastKnownFileType = sourcecode.c.h; path = YGMyCourseViewController.h; sourceTree = "<group>"; };
		A7066CF12120148B00B92231 /* YGMyCourseViewController.m */ = {isa = PBXFileReference; lastKnownFileType = sourcecode.c.objc; path = YGMyCourseViewController.m; sourceTree = "<group>"; };
		A7066CF32120149D00B92231 /* YGFeedBackViewController.h */ = {isa = PBXFileReference; lastKnownFileType = sourcecode.c.h; path = YGFeedBackViewController.h; sourceTree = "<group>"; };
		A7066CF42120149D00B92231 /* YGFeedBackViewController.m */ = {isa = PBXFileReference; lastKnownFileType = sourcecode.c.objc; path = YGFeedBackViewController.m; sourceTree = "<group>"; };
		A7066CF6212014B700B92231 /* YGAboutViewController.h */ = {isa = PBXFileReference; lastKnownFileType = sourcecode.c.h; path = YGAboutViewController.h; sourceTree = "<group>"; };
		A7066CF7212014B700B92231 /* YGAboutViewController.m */ = {isa = PBXFileReference; lastKnownFileType = sourcecode.c.objc; path = YGAboutViewController.m; sourceTree = "<group>"; };
		A7066CF9212014D700B92231 /* YGSelfInfoViewController.h */ = {isa = PBXFileReference; lastKnownFileType = sourcecode.c.h; path = YGSelfInfoViewController.h; sourceTree = "<group>"; };
		A7066CFA212014D700B92231 /* YGSelfInfoViewController.m */ = {isa = PBXFileReference; lastKnownFileType = sourcecode.c.objc; path = YGSelfInfoViewController.m; sourceTree = "<group>"; };
		A7066CFD2120272D00B92231 /* UITextView+PlaceHolder.h */ = {isa = PBXFileReference; fileEncoding = 4; lastKnownFileType = sourcecode.c.h; path = "UITextView+PlaceHolder.h"; sourceTree = "<group>"; };
		A7066CFE2120272D00B92231 /* UITextView+PlaceHolder.m */ = {isa = PBXFileReference; fileEncoding = 4; lastKnownFileType = sourcecode.c.objc; path = "UITextView+PlaceHolder.m"; sourceTree = "<group>"; };
		A7066D01212027BB00B92231 /* UIView+Frame.h */ = {isa = PBXFileReference; fileEncoding = 4; lastKnownFileType = sourcecode.c.h; path = "UIView+Frame.h"; sourceTree = "<group>"; };
		A7066D02212027CB00B92231 /* UIView+Frame.m */ = {isa = PBXFileReference; fileEncoding = 4; lastKnownFileType = sourcecode.c.objc; path = "UIView+Frame.m"; sourceTree = "<group>"; };
		A71877342121C3290097951E /* AFHTTPSessionManager_BaseModel.h */ = {isa = PBXFileReference; fileEncoding = 4; lastKnownFileType = sourcecode.c.h; path = AFHTTPSessionManager_BaseModel.h; sourceTree = "<group>"; };
		A71877352121C3290097951E /* BaseModel.h */ = {isa = PBXFileReference; fileEncoding = 4; lastKnownFileType = sourcecode.c.h; path = BaseModel.h; sourceTree = "<group>"; };
		A71877362121C3290097951E /* BaseModel.m */ = {isa = PBXFileReference; fileEncoding = 4; lastKnownFileType = sourcecode.c.objc; path = BaseModel.m; sourceTree = "<group>"; };
		A71877372121C3290097951E /* HttpClient.h */ = {isa = PBXFileReference; fileEncoding = 4; lastKnownFileType = sourcecode.c.h; path = HttpClient.h; sourceTree = "<group>"; };
		A71877382121C3290097951E /* HttpClient.m */ = {isa = PBXFileReference; fileEncoding = 4; lastKnownFileType = sourcecode.c.objc; path = HttpClient.m; sourceTree = "<group>"; };
		A71877392121C3290097951E /* NetCache.h */ = {isa = PBXFileReference; fileEncoding = 4; lastKnownFileType = sourcecode.c.h; path = NetCache.h; sourceTree = "<group>"; };
		A718773A2121C3290097951E /* NetCache.m */ = {isa = PBXFileReference; fileEncoding = 4; lastKnownFileType = sourcecode.c.objc; path = NetCache.m; sourceTree = "<group>"; };
		A718773B2121C3290097951E /* NSDictionary+BaseModel.h */ = {isa = PBXFileReference; fileEncoding = 4; lastKnownFileType = sourcecode.c.h; path = "NSDictionary+BaseModel.h"; sourceTree = "<group>"; };
		A718773C2121C3290097951E /* NSDictionary+BaseModel.m */ = {isa = PBXFileReference; fileEncoding = 4; lastKnownFileType = sourcecode.c.objc; path = "NSDictionary+BaseModel.m"; sourceTree = "<group>"; };
		A718773D2121C3290097951E /* NSString+BaseModel.h */ = {isa = PBXFileReference; fileEncoding = 4; lastKnownFileType = sourcecode.c.h; path = "NSString+BaseModel.h"; sourceTree = "<group>"; };
		A718773E2121C3290097951E /* NSString+BaseModel.m */ = {isa = PBXFileReference; fileEncoding = 4; lastKnownFileType = sourcecode.c.objc; path = "NSString+BaseModel.m"; sourceTree = "<group>"; };
		A718773F2121C3290097951E /* StatusModel.h */ = {isa = PBXFileReference; fileEncoding = 4; lastKnownFileType = sourcecode.c.h; path = StatusModel.h; sourceTree = "<group>"; };
		A71877402121C3290097951E /* StatusModel.m */ = {isa = PBXFileReference; fileEncoding = 4; lastKnownFileType = sourcecode.c.objc; path = StatusModel.m; sourceTree = "<group>"; };
		A71877472121C3C00097951E /* NSString+Hash.m */ = {isa = PBXFileReference; fileEncoding = 4; lastKnownFileType = sourcecode.c.objc; path = "NSString+Hash.m"; sourceTree = "<group>"; };
		A71877482121C3C00097951E /* NSString+Hash.h */ = {isa = PBXFileReference; fileEncoding = 4; lastKnownFileType = sourcecode.c.h; path = "NSString+Hash.h"; sourceTree = "<group>"; };
		A718774A2121C45E0097951E /* DataManager.h */ = {isa = PBXFileReference; fileEncoding = 4; lastKnownFileType = sourcecode.c.h; path = DataManager.h; sourceTree = "<group>"; };
		A718774B2121C45E0097951E /* DataManager.m */ = {isa = PBXFileReference; fileEncoding = 4; lastKnownFileType = sourcecode.c.objc; path = DataManager.m; sourceTree = "<group>"; };
		A718774D2121C48D0097951E /* NSDate+Extension.h */ = {isa = PBXFileReference; fileEncoding = 4; lastKnownFileType = sourcecode.c.h; path = "NSDate+Extension.h"; sourceTree = "<group>"; };
		A718774E2121C48E0097951E /* NSDate+Extension.m */ = {isa = PBXFileReference; fileEncoding = 4; lastKnownFileType = sourcecode.c.objc; path = "NSDate+Extension.m"; sourceTree = "<group>"; };
		A71F6C322118987900DDFA85 /* UIButton+ImageText_V.h */ = {isa = PBXFileReference; lastKnownFileType = sourcecode.c.h; path = "UIButton+ImageText_V.h"; sourceTree = "<group>"; };
		A71F6C332118987900DDFA85 /* UIButton+ImageText_V.m */ = {isa = PBXFileReference; lastKnownFileType = sourcecode.c.objc; path = "UIButton+ImageText_V.m"; sourceTree = "<group>"; };
		A78BCE122111F04E00E6A48A /* YoGa.app */ = {isa = PBXFileReference; explicitFileType = wrapper.application; includeInIndex = 0; path = YoGa.app; sourceTree = BUILT_PRODUCTS_DIR; };
		A78BCE152111F04E00E6A48A /* AppDelegate.h */ = {isa = PBXFileReference; lastKnownFileType = sourcecode.c.h; path = AppDelegate.h; sourceTree = "<group>"; };
		A78BCE162111F04E00E6A48A /* AppDelegate.m */ = {isa = PBXFileReference; lastKnownFileType = sourcecode.c.objc; path = AppDelegate.m; sourceTree = "<group>"; };
		A78BCE1E2111F04E00E6A48A /* Assets.xcassets */ = {isa = PBXFileReference; lastKnownFileType = folder.assetcatalog; path = Assets.xcassets; sourceTree = "<group>"; };
		A78BCE232111F04E00E6A48A /* Info.plist */ = {isa = PBXFileReference; lastKnownFileType = text.plist.xml; path = Info.plist; sourceTree = "<group>"; };
		A78BCE242111F04E00E6A48A /* main.m */ = {isa = PBXFileReference; lastKnownFileType = sourcecode.c.objc; path = main.m; sourceTree = "<group>"; };
		A78BCE362111F73900E6A48A /* YGMainTabbarViewController.h */ = {isa = PBXFileReference; lastKnownFileType = sourcecode.c.h; path = YGMainTabbarViewController.h; sourceTree = "<group>"; };
		A78BCE372111F73900E6A48A /* YGMainTabbarViewController.m */ = {isa = PBXFileReference; lastKnownFileType = sourcecode.c.objc; path = YGMainTabbarViewController.m; sourceTree = "<group>"; };
		A78BCE392111F7C200E6A48A /* YGMeViewConter.h */ = {isa = PBXFileReference; lastKnownFileType = sourcecode.c.h; path = YGMeViewConter.h; sourceTree = "<group>"; };
		A78BCE3A2111F7C200E6A48A /* YGMeViewConter.m */ = {isa = PBXFileReference; lastKnownFileType = sourcecode.c.objc; path = YGMeViewConter.m; sourceTree = "<group>"; };
		A78BCE3E2111F80200E6A48A /* YGBaseViewController.h */ = {isa = PBXFileReference; lastKnownFileType = sourcecode.c.h; path = YGBaseViewController.h; sourceTree = "<group>"; };
		A78BCE3F2111F80200E6A48A /* YGBaseViewController.m */ = {isa = PBXFileReference; lastKnownFileType = sourcecode.c.objc; path = YGBaseViewController.m; sourceTree = "<group>"; };
		A78BCE412111F82700E6A48A /* PrefixHeader.pch */ = {isa = PBXFileReference; lastKnownFileType = sourcecode.c.h; path = PrefixHeader.pch; sourceTree = "<group>"; };
		A78BCE422111F96500E6A48A /* YGStadiumViewController.h */ = {isa = PBXFileReference; lastKnownFileType = sourcecode.c.h; path = YGStadiumViewController.h; sourceTree = "<group>"; };
		A78BCE432111F96500E6A48A /* YGStadiumViewController.m */ = {isa = PBXFileReference; lastKnownFileType = sourcecode.c.objc; path = YGStadiumViewController.m; sourceTree = "<group>"; };
		A78BCE462112001300E6A48A /* Common_Color.h */ = {isa = PBXFileReference; lastKnownFileType = sourcecode.c.h; path = Common_Color.h; sourceTree = "<group>"; };
		A78BCE47211201E200E6A48A /* Common_Define.h */ = {isa = PBXFileReference; fileEncoding = 4; lastKnownFileType = sourcecode.c.h; path = Common_Define.h; sourceTree = "<group>"; };
		A79195E521133D6D0080757B /* YGLoginViewController.h */ = {isa = PBXFileReference; lastKnownFileType = sourcecode.c.h; path = YGLoginViewController.h; sourceTree = "<group>"; };
		A79195E621133D6D0080757B /* YGLoginViewController.m */ = {isa = PBXFileReference; lastKnownFileType = sourcecode.c.objc; path = YGLoginViewController.m; sourceTree = "<group>"; };
		A7CB46F821290C1300AFD218 /* HUDManager.m */ = {isa = PBXFileReference; fileEncoding = 4; lastKnownFileType = sourcecode.c.objc; path = HUDManager.m; sourceTree = "<group>"; };
		A7CB46F921290C1300AFD218 /* HUDManager.h */ = {isa = PBXFileReference; fileEncoding = 4; lastKnownFileType = sourcecode.c.h; path = HUDManager.h; sourceTree = "<group>"; };
		A7CB46FB21290C4600AFD218 /* BaseModel+HUD.m */ = {isa = PBXFileReference; fileEncoding = 4; lastKnownFileType = sourcecode.c.objc; path = "BaseModel+HUD.m"; sourceTree = "<group>"; };
		A7CB46FC21290C4700AFD218 /* BaseModel+HUD.h */ = {isa = PBXFileReference; fileEncoding = 4; lastKnownFileType = sourcecode.c.h; path = "BaseModel+HUD.h"; sourceTree = "<group>"; };
		A7CB46FE21290CC700AFD218 /* NSString+MyString.h */ = {isa = PBXFileReference; fileEncoding = 4; lastKnownFileType = sourcecode.c.h; path = "NSString+MyString.h"; sourceTree = "<group>"; };
		A7CB46FF21290CC700AFD218 /* NSString+MyString.m */ = {isa = PBXFileReference; fileEncoding = 4; lastKnownFileType = sourcecode.c.objc; path = "NSString+MyString.m"; sourceTree = "<group>"; };
		A7CB4701212914F100AFD218 /* YGUserInfo.h */ = {isa = PBXFileReference; lastKnownFileType = sourcecode.c.h; path = YGUserInfo.h; sourceTree = "<group>"; };
		A7CB4702212914F100AFD218 /* YGUserInfo.m */ = {isa = PBXFileReference; lastKnownFileType = sourcecode.c.objc; path = YGUserInfo.m; sourceTree = "<group>"; };
		A7CB47092129242D00AFD218 /* MJDIYFooter.m */ = {isa = PBXFileReference; fileEncoding = 4; lastKnownFileType = sourcecode.c.objc; path = MJDIYFooter.m; sourceTree = "<group>"; };
		A7CB470A2129242D00AFD218 /* MyActivityIndicatorView.m */ = {isa = PBXFileReference; fileEncoding = 4; lastKnownFileType = sourcecode.c.objc; path = MyActivityIndicatorView.m; sourceTree = "<group>"; };
		A7CB470B2129242E00AFD218 /* MyActivityIndicatorView.h */ = {isa = PBXFileReference; fileEncoding = 4; lastKnownFileType = sourcecode.c.h; path = MyActivityIndicatorView.h; sourceTree = "<group>"; };
		A7CB470C2129242E00AFD218 /* MJDIYHeader.m */ = {isa = PBXFileReference; fileEncoding = 4; lastKnownFileType = sourcecode.c.objc; path = MJDIYHeader.m; sourceTree = "<group>"; };
		A7CB470D2129242E00AFD218 /* MyRefreshHUD.h */ = {isa = PBXFileReference; fileEncoding = 4; lastKnownFileType = sourcecode.c.h; path = MyRefreshHUD.h; sourceTree = "<group>"; };
		A7CB470E2129242E00AFD218 /* MJDIYHeader.h */ = {isa = PBXFileReference; fileEncoding = 4; lastKnownFileType = sourcecode.c.h; path = MJDIYHeader.h; sourceTree = "<group>"; };
		A7CB470F2129242E00AFD218 /* MyRefreshHUD.m */ = {isa = PBXFileReference; fileEncoding = 4; lastKnownFileType = sourcecode.c.objc; path = MyRefreshHUD.m; sourceTree = "<group>"; };
		A7CB47102129242E00AFD218 /* MJDIYFooter.h */ = {isa = PBXFileReference; fileEncoding = 4; lastKnownFileType = sourcecode.c.h; path = MJDIYFooter.h; sourceTree = "<group>"; };
		A7CB47152129471300AFD218 /* NSString+Size.h */ = {isa = PBXFileReference; fileEncoding = 4; lastKnownFileType = sourcecode.c.h; path = "NSString+Size.h"; sourceTree = "<group>"; };
		A7CB47162129471300AFD218 /* NSString+Size.m */ = {isa = PBXFileReference; fileEncoding = 4; lastKnownFileType = sourcecode.c.objc; path = "NSString+Size.m"; sourceTree = "<group>"; };
		A7CB4718212947EC00AFD218 /* YGStadiumSearchViewController.h */ = {isa = PBXFileReference; lastKnownFileType = sourcecode.c.h; path = YGStadiumSearchViewController.h; sourceTree = "<group>"; };
		A7CB4719212947EC00AFD218 /* YGStadiumSearchViewController.m */ = {isa = PBXFileReference; lastKnownFileType = sourcecode.c.objc; path = YGStadiumSearchViewController.m; sourceTree = "<group>"; };
		A7FF6BEF2118492D001D30C3 /* YGStadiumModel.h */ = {isa = PBXFileReference; lastKnownFileType = sourcecode.c.h; path = YGStadiumModel.h; sourceTree = "<group>"; };
		A7FF6BF02118492D001D30C3 /* YGStadiumModel.m */ = {isa = PBXFileReference; lastKnownFileType = sourcecode.c.objc; path = YGStadiumModel.m; sourceTree = "<group>"; };
/* End PBXFileReference section */

/* Begin PBXFrameworksBuildPhase section */
		A78BCE0F2111F04E00E6A48A /* Frameworks */ = {
			isa = PBXFrameworksBuildPhase;
			buildActionMask = 2147483647;
			files = (
				0441E4C771207A5B2E6C39C2 /* libPods-YoGa.a in Frameworks */,
			);
			runOnlyForDeploymentPostprocessing = 0;
		};
/* End PBXFrameworksBuildPhase section */

/* Begin PBXGroup section */
		040DC14E212D09F500FA6699 /* HAlertController */ = {
			isa = PBXGroup;
			children = (
				040DC14F212D09F500FA6699 /* HAlertController.h */,
				040DC150212D09F500FA6699 /* HAlertController.m */,
			);
			path = HAlertController;
			sourceTree = "<group>";
		};
		040DC158212D0C9200FA6699 /* UIAlertView */ = {
			isa = PBXGroup;
			children = (
				040DC159212D0C9200FA6699 /* UIAlertView+Block.h */,
				040DC15A212D0C9200FA6699 /* UIAlertView+Block.m */,
			);
			name = UIAlertView;
			path = ../../../../../SellhouseManager/SellHouseManager/Utils/Categories/UIKit/UIAlertView;
			sourceTree = "<group>";
		};
		040DC162212D300D00FA6699 /* UINavigationController */ = {
			isa = PBXGroup;
			children = (
				040DC163212D300D00FA6699 /* UINavigationController+FDFullscreenPopGesture.h */,
				040DC164212D300D00FA6699 /* UINavigationController+FDFullscreenPopGesture.m */,
				040DC165212D300D00FA6699 /* UINavigationController+StackManager.h */,
				040DC166212D300D00FA6699 /* UINavigationController+StackManager.m */,
			);
			path = UINavigationController;
			sourceTree = "<group>";
		};
		04FEA4DA211478E700E646BF /* View */ = {
			isa = PBXGroup;
			children = (
				04FEA4DB2114793C00E646BF /* YGStadiumCell.h */,
				04FEA4DC2114793C00E646BF /* YGStadiumCell.m */,
				A7066CDE211FCA9200B92231 /* YGStadiumDetailHeadView.h */,
				A7066CDF211FCA9200B92231 /* YGStadiumDetailHeadView.m */,
				A7066CE1211FCB5800B92231 /* YGCourseCell.h */,
				A7066CE2211FCB5800B92231 /* YGCourseCell.m */,
				A7066CE7211FCE6200B92231 /* YGImageTextHView.h */,
				A7066CE8211FCE6200B92231 /* YGImageTextHView.m */,
				A7066CEA211FE50100B92231 /* YGSelectedDateView.h */,
				A7066CEB211FE50100B92231 /* YGSelectedDateView.m */,
			);
			path = View;
			sourceTree = "<group>";
		};
		2754963A7FCFD48DBDBF2569 /* Pods */ = {
			isa = PBXGroup;
			children = (
				0E623DC9143D5EB30C79F11C /* Pods-YoGa.debug.xcconfig */,
				659A1613AEB23BB91E3490FA /* Pods-YoGa.release.xcconfig */,
			);
			name = Pods;
			sourceTree = "<group>";
		};
		A1708F4403249F76D96585DA /* Frameworks */ = {
			isa = PBXGroup;
			children = (
				2150BDBBFE7BEA9AE4A8AD11 /* libPods-YoGa.a */,
			);
			name = Frameworks;
			sourceTree = "<group>";
		};
		A7066CFC2120271800B92231 /* UITextView */ = {
			isa = PBXGroup;
			children = (
				A7066CFD2120272D00B92231 /* UITextView+PlaceHolder.h */,
				A7066CFE2120272D00B92231 /* UITextView+PlaceHolder.m */,
			);
			path = UITextView;
			sourceTree = "<group>";
		};
		A7066D00212027A900B92231 /* UIView */ = {
			isa = PBXGroup;
			children = (
				A7066D01212027BB00B92231 /* UIView+Frame.h */,
				A7066D02212027CB00B92231 /* UIView+Frame.m */,
			);
			path = UIView;
			sourceTree = "<group>";
		};
		A71877332121C3290097951E /* BaseModel */ = {
			isa = PBXGroup;
			children = (
				040DC169212D316A00FA6699 /* GPSServerManager.h */,
				040DC16A212D316A00FA6699 /* GPSServerManager.m */,
				A718774A2121C45E0097951E /* DataManager.h */,
				A718774B2121C45E0097951E /* DataManager.m */,
				A71877342121C3290097951E /* AFHTTPSessionManager_BaseModel.h */,
				A7CB46FC21290C4700AFD218 /* BaseModel+HUD.h */,
				A7CB46FB21290C4600AFD218 /* BaseModel+HUD.m */,
				A71877352121C3290097951E /* BaseModel.h */,
				A71877362121C3290097951E /* BaseModel.m */,
				A71877372121C3290097951E /* HttpClient.h */,
				A71877382121C3290097951E /* HttpClient.m */,
				A71877392121C3290097951E /* NetCache.h */,
				A718773A2121C3290097951E /* NetCache.m */,
				A718773B2121C3290097951E /* NSDictionary+BaseModel.h */,
				A718773C2121C3290097951E /* NSDictionary+BaseModel.m */,
				A718773D2121C3290097951E /* NSString+BaseModel.h */,
				A718773E2121C3290097951E /* NSString+BaseModel.m */,
				A718773F2121C3290097951E /* StatusModel.h */,
				A71877402121C3290097951E /* StatusModel.m */,
			);
			path = BaseModel;
			sourceTree = "<group>";
		};
		A71F6C30211897BE00DDFA85 /* Categorys */ = {
			isa = PBXGroup;
			children = (
				040DC15C212D14F600FA6699 /* NSString+Contains.h */,
				040DC15D212D14F600FA6699 /* NSString+Contains.m */,
				A7CB47152129471300AFD218 /* NSString+Size.h */,
				A7CB47162129471300AFD218 /* NSString+Size.m */,
				A7CB46FE21290CC700AFD218 /* NSString+MyString.h */,
				A7CB46FF21290CC700AFD218 /* NSString+MyString.m */,
				A718774D2121C48D0097951E /* NSDate+Extension.h */,
				A718774E2121C48E0097951E /* NSDate+Extension.m */,
				A71877482121C3C00097951E /* NSString+Hash.h */,
				A71877472121C3C00097951E /* NSString+Hash.m */,
				040DC162212D300D00FA6699 /* UINavigationController */,
				040DC158212D0C9200FA6699 /* UIAlertView */,
				A7066D00212027A900B92231 /* UIView */,
				A7066CFC2120271800B92231 /* UITextView */,
				A71F6C31211897D100DDFA85 /* UIButton */,
			);
			path = Categorys;
			sourceTree = "<group>";
		};
		A71F6C31211897D100DDFA85 /* UIButton */ = {
			isa = PBXGroup;
			children = (
				A71F6C322118987900DDFA85 /* UIButton+ImageText_V.h */,
				A71F6C332118987900DDFA85 /* UIButton+ImageText_V.m */,
			);
			path = UIButton;
			sourceTree = "<group>";
		};
		A78BCE092111F04E00E6A48A = {
			isa = PBXGroup;
			children = (
				A78BCE142111F04E00E6A48A /* YoGa */,
				A78BCE132111F04E00E6A48A /* Products */,
				2754963A7FCFD48DBDBF2569 /* Pods */,
				A1708F4403249F76D96585DA /* Frameworks */,
			);
			sourceTree = "<group>";
		};
		A78BCE132111F04E00E6A48A /* Products */ = {
			isa = PBXGroup;
			children = (
				A78BCE122111F04E00E6A48A /* YoGa.app */,
			);
			name = Products;
			sourceTree = "<group>";
		};
		A78BCE142111F04E00E6A48A /* YoGa */ = {
			isa = PBXGroup;
			children = (
				A78BCE2B2111F5AE00E6A48A /* Classes */,
				A78BCE48211202CC00E6A48A /* SupportingFiles */,
			);
			path = YoGa;
			sourceTree = "<group>";
		};
		A78BCE2B2111F5AE00E6A48A /* Classes */ = {
			isa = PBXGroup;
			children = (
				A78BCE152111F04E00E6A48A /* AppDelegate.h */,
				A78BCE162111F04E00E6A48A /* AppDelegate.m */,
				A78BCE362111F73900E6A48A /* YGMainTabbarViewController.h */,
				A78BCE372111F73900E6A48A /* YGMainTabbarViewController.m */,
				A78BCE2D2111F5DE00E6A48A /* Stadium */,
				A78BCE2E2111F61A00E6A48A /* Me */,
				A78BCE352111F66F00E6A48A /* Utils */,
				A78BCE3C2111F7D700E6A48A /* BaseClass */,
			);
			path = Classes;
			sourceTree = "<group>";
		};
		A78BCE2D2111F5DE00E6A48A /* Stadium */ = {
			isa = PBXGroup;
			children = (
				04FEA4DA211478E700E646BF /* View */,
				A78BCE322111F66200E6A48A /* Model */,
				A78BCE342111F66200E6A48A /* ViewController */,
			);
			path = Stadium;
			sourceTree = "<group>";
		};
		A78BCE2E2111F61A00E6A48A /* Me */ = {
			isa = PBXGroup;
			children = (
				A78BCE312111F63D00E6A48A /* ViewController */,
				A78BCE302111F63700E6A48A /* View */,
				A78BCE2F2111F62F00E6A48A /* Model */,
			);
			path = Me;
			sourceTree = "<group>";
		};
		A78BCE2F2111F62F00E6A48A /* Model */ = {
			isa = PBXGroup;
			children = (
				A7CB4701212914F100AFD218 /* YGUserInfo.h */,
				A7CB4702212914F100AFD218 /* YGUserInfo.m */,
				04F84FC92134E793006320DF /* YGDBManager.h */,
				04F84FCA2134E793006320DF /* YGDBManager.m */,
			);
			path = Model;
			sourceTree = "<group>";
		};
		A78BCE302111F63700E6A48A /* View */ = {
			isa = PBXGroup;
			children = (
			);
			path = View;
			sourceTree = "<group>";
		};
		A78BCE312111F63D00E6A48A /* ViewController */ = {
			isa = PBXGroup;
			children = (
				A78BCE392111F7C200E6A48A /* YGMeViewConter.h */,
				A78BCE3A2111F7C200E6A48A /* YGMeViewConter.m */,
				A7066CF9212014D700B92231 /* YGSelfInfoViewController.h */,
				A7066CFA212014D700B92231 /* YGSelfInfoViewController.m */,
				A79195E521133D6D0080757B /* YGLoginViewController.h */,
				A79195E621133D6D0080757B /* YGLoginViewController.m */,
				A7066CF02120148B00B92231 /* YGMyCourseViewController.h */,
				A7066CF12120148B00B92231 /* YGMyCourseViewController.m */,
				A7066CF32120149D00B92231 /* YGFeedBackViewController.h */,
				A7066CF42120149D00B92231 /* YGFeedBackViewController.m */,
				A7066CF6212014B700B92231 /* YGAboutViewController.h */,
				A7066CF7212014B700B92231 /* YGAboutViewController.m */,
				040DC14B212D017F00FA6699 /* YGEditUserInfoVC.h */,
				040DC14C212D017F00FA6699 /* YGEditUserInfoVC.m */,
				040DC155212D0B5C00FA6699 /* YGImagePickerController.h */,
				040DC156212D0B5C00FA6699 /* YGImagePickerController.m */,
			);
			path = ViewController;
			sourceTree = "<group>";
		};
		A78BCE322111F66200E6A48A /* Model */ = {
			isa = PBXGroup;
			children = (
				A7FF6BEF2118492D001D30C3 /* YGStadiumModel.h */,
				A7FF6BF02118492D001D30C3 /* YGStadiumModel.m */,
				A7066CE4211FCCFC00B92231 /* YGCourseModel.h */,
				A7066CE5211FCCFC00B92231 /* YGCourseModel.m */,
				A7066CED211FE78900B92231 /* YGSelectDateModel.h */,
				A7066CEE211FE78900B92231 /* YGSelectDateModel.m */,
				04638468213CCA5700FAD580 /* MapAnnotation.h */,
				04638469213CCA5700FAD580 /* MapAnnotation.m */,
			);
			path = Model;
			sourceTree = "<group>";
		};
		A78BCE342111F66200E6A48A /* ViewController */ = {
			isa = PBXGroup;
			children = (
				A78BCE422111F96500E6A48A /* YGStadiumViewController.h */,
				A78BCE432111F96500E6A48A /* YGStadiumViewController.m */,
				A7CB4718212947EC00AFD218 /* YGStadiumSearchViewController.h */,
				A7CB4719212947EC00AFD218 /* YGStadiumSearchViewController.m */,
				A7066CDB211FC9B100B92231 /* YGStadiumDetailVC.h */,
				A7066CDC211FC9B100B92231 /* YGStadiumDetailVC.m */,
				04638465213CC97800FAD580 /* YGAddressDetailByMapVC.h */,
				04638466213CC97800FAD580 /* YGAddressDetailByMapVC.m */,
			);
			path = ViewController;
			sourceTree = "<group>";
		};
		A78BCE352111F66F00E6A48A /* Utils */ = {
			isa = PBXGroup;
			children = (
				040DC14E212D09F500FA6699 /* HAlertController */,
				A7CB46F721290BFD00AFD218 /* My */,
				A71F6C30211897BE00DDFA85 /* Categorys */,
				A78BCE452111FFEA00E6A48A /* Macro */,
			);
			path = Utils;
			sourceTree = "<group>";
		};
		A78BCE3C2111F7D700E6A48A /* BaseClass */ = {
			isa = PBXGroup;
			children = (
				A7CB47082129242300AFD218 /* BaseView */,
				A71877332121C3290097951E /* BaseModel */,
				A78BCE3D2111F7E200E6A48A /* BaseController */,
			);
			path = BaseClass;
			sourceTree = "<group>";
		};
		A78BCE3D2111F7E200E6A48A /* BaseController */ = {
			isa = PBXGroup;
			children = (
				A78BCE3E2111F80200E6A48A /* YGBaseViewController.h */,
				A78BCE3F2111F80200E6A48A /* YGBaseViewController.m */,
			);
			path = BaseController;
			sourceTree = "<group>";
		};
		A78BCE452111FFEA00E6A48A /* Macro */ = {
			isa = PBXGroup;
			children = (
				A78BCE47211201E200E6A48A /* Common_Define.h */,
				A78BCE462112001300E6A48A /* Common_Color.h */,
			);
			path = Macro;
			sourceTree = "<group>";
		};
		A78BCE48211202CC00E6A48A /* SupportingFiles */ = {
			isa = PBXGroup;
			children = (
				A78BCE1E2111F04E00E6A48A /* Assets.xcassets */,
				A78BCE232111F04E00E6A48A /* Info.plist */,
				A78BCE242111F04E00E6A48A /* main.m */,
				A78BCE412111F82700E6A48A /* PrefixHeader.pch */,
			);
			name = SupportingFiles;
			sourceTree = "<group>";
		};
		A7CB46F721290BFD00AFD218 /* My */ = {
			isa = PBXGroup;
			children = (
				040DC15F212D154000FA6699 /* UtilTextLimit.h */,
				040DC160212D154000FA6699 /* UtilTextLimit.m */,
				040DC152212D0AA800FA6699 /* MicAssistant.h */,
				040DC153212D0AA800FA6699 /* MicAssistant.m */,
				A7CB46F921290C1300AFD218 /* HUDManager.h */,
				A7CB46F821290C1300AFD218 /* HUDManager.m */,
			);
			path = My;
			sourceTree = "<group>";
		};
		A7CB47082129242300AFD218 /* BaseView */ = {
			isa = PBXGroup;
			children = (
				A7CB47102129242E00AFD218 /* MJDIYFooter.h */,
				A7CB47092129242D00AFD218 /* MJDIYFooter.m */,
				A7CB470E2129242E00AFD218 /* MJDIYHeader.h */,
				A7CB470C2129242E00AFD218 /* MJDIYHeader.m */,
				A7CB470B2129242E00AFD218 /* MyActivityIndicatorView.h */,
				A7CB470A2129242D00AFD218 /* MyActivityIndicatorView.m */,
				A7CB470D2129242E00AFD218 /* MyRefreshHUD.h */,
				A7CB470F2129242E00AFD218 /* MyRefreshHUD.m */,
			);
			path = BaseView;
			sourceTree = "<group>";
		};
/* End PBXGroup section */

/* Begin PBXNativeTarget section */
		A78BCE112111F04E00E6A48A /* YoGa */ = {
			isa = PBXNativeTarget;
			buildConfigurationList = A78BCE282111F04E00E6A48A /* Build configuration list for PBXNativeTarget "YoGa" */;
			buildPhases = (
				6957E66E4DC0098F6930509B /* [CP] Check Pods Manifest.lock */,
				A78BCE0E2111F04E00E6A48A /* Sources */,
				A78BCE0F2111F04E00E6A48A /* Frameworks */,
				A78BCE102111F04E00E6A48A /* Resources */,
				786B02BBF11AC1460D0BCA9C /* [CP] Copy Pods Resources */,
			);
			buildRules = (
			);
			dependencies = (
			);
			name = YoGa;
			productName = YoGa;
			productReference = A78BCE122111F04E00E6A48A /* YoGa.app */;
			productType = "com.apple.product-type.application";
		};
/* End PBXNativeTarget section */

/* Begin PBXProject section */
		A78BCE0A2111F04E00E6A48A /* Project object */ = {
			isa = PBXProject;
			attributes = {
				LastUpgradeCheck = 0920;
				ORGANIZATIONNAME = QinYoga;
				TargetAttributes = {
					A78BCE112111F04E00E6A48A = {
						CreatedOnToolsVersion = 9.2;
						ProvisioningStyle = Manual;
					};
				};
			};
			buildConfigurationList = A78BCE0D2111F04E00E6A48A /* Build configuration list for PBXProject "YoGa" */;
			compatibilityVersion = "Xcode 8.0";
			developmentRegion = en;
			hasScannedForEncodings = 0;
			knownRegions = (
				en,
				Base,
			);
			mainGroup = A78BCE092111F04E00E6A48A;
			productRefGroup = A78BCE132111F04E00E6A48A /* Products */;
			projectDirPath = "";
			projectRoot = "";
			targets = (
				A78BCE112111F04E00E6A48A /* YoGa */,
			);
		};
/* End PBXProject section */

/* Begin PBXResourcesBuildPhase section */
		A78BCE102111F04E00E6A48A /* Resources */ = {
			isa = PBXResourcesBuildPhase;
			buildActionMask = 2147483647;
			files = (
				A78BCE1F2111F04E00E6A48A /* Assets.xcassets in Resources */,
			);
			runOnlyForDeploymentPostprocessing = 0;
		};
/* End PBXResourcesBuildPhase section */

/* Begin PBXShellScriptBuildPhase section */
		6957E66E4DC0098F6930509B /* [CP] Check Pods Manifest.lock */ = {
			isa = PBXShellScriptBuildPhase;
			buildActionMask = 2147483647;
			files = (
			);
			inputPaths = (
				"${PODS_PODFILE_DIR_PATH}/Podfile.lock",
				"${PODS_ROOT}/Manifest.lock",
			);
			name = "[CP] Check Pods Manifest.lock";
			outputPaths = (
				"$(DERIVED_FILE_DIR)/Pods-YoGa-checkManifestLockResult.txt",
			);
			runOnlyForDeploymentPostprocessing = 0;
			shellPath = /bin/sh;
			shellScript = "diff \"${PODS_PODFILE_DIR_PATH}/Podfile.lock\" \"${PODS_ROOT}/Manifest.lock\" > /dev/null\nif [ $? != 0 ] ; then\n    # print error to STDERR\n    echo \"error: The sandbox is not in sync with the Podfile.lock. Run 'pod install' or update your CocoaPods installation.\" >&2\n    exit 1\nfi\n# This output is used by Xcode 'outputs' to avoid re-running this script phase.\necho \"SUCCESS\" > \"${SCRIPT_OUTPUT_FILE_0}\"\n";
			showEnvVarsInLog = 0;
		};
		786B02BBF11AC1460D0BCA9C /* [CP] Copy Pods Resources */ = {
			isa = PBXShellScriptBuildPhase;
			buildActionMask = 2147483647;
			files = (
			);
			inputPaths = (
				"${SRCROOT}/Pods/Target Support Files/Pods-YoGa/Pods-YoGa-resources.sh",
				"${PODS_ROOT}/IQKeyboardManager/IQKeyBoardManager/Resources/IQKeyboardManager.bundle",
				"${PODS_ROOT}/MJRefresh/MJRefresh/MJRefresh.bundle",
				"${PODS_ROOT}/SSKeychain/Support/SSKeychain.bundle",
				"${PODS_ROOT}/TZImagePickerController/TZImagePickerController/TZImagePickerController/TZImagePickerController.bundle",
			);
			name = "[CP] Copy Pods Resources";
			outputPaths = (
				"${TARGET_BUILD_DIR}/${UNLOCALIZED_RESOURCES_FOLDER_PATH}/IQKeyboardManager.bundle",
				"${TARGET_BUILD_DIR}/${UNLOCALIZED_RESOURCES_FOLDER_PATH}/MJRefresh.bundle",
				"${TARGET_BUILD_DIR}/${UNLOCALIZED_RESOURCES_FOLDER_PATH}/SSKeychain.bundle",
				"${TARGET_BUILD_DIR}/${UNLOCALIZED_RESOURCES_FOLDER_PATH}/TZImagePickerController.bundle",
			);
			runOnlyForDeploymentPostprocessing = 0;
			shellPath = /bin/sh;
			shellScript = "\"${SRCROOT}/Pods/Target Support Files/Pods-YoGa/Pods-YoGa-resources.sh\"\n";
			showEnvVarsInLog = 0;
		};
/* End PBXShellScriptBuildPhase section */

/* Begin PBXSourcesBuildPhase section */
		A78BCE0E2111F04E00E6A48A /* Sources */ = {
			isa = PBXSourcesBuildPhase;
			buildActionMask = 2147483647;
			files = (
				040DC167212D300D00FA6699 /* UINavigationController+FDFullscreenPopGesture.m in Sources */,
				A7CB47172129471300AFD218 /* NSString+Size.m in Sources */,
				A7CB47132129242E00AFD218 /* MJDIYHeader.m in Sources */,
				A7066CF8212014B700B92231 /* YGAboutViewController.m in Sources */,
				A7066D03212027CB00B92231 /* UIView+Frame.m in Sources */,
				A7CB47142129242E00AFD218 /* MyRefreshHUD.m in Sources */,
				A71877422121C3290097951E /* HttpClient.m in Sources */,
				A71F6C342118987900DDFA85 /* UIButton+ImageText_V.m in Sources */,
				040DC15B212D0C9200FA6699 /* UIAlertView+Block.m in Sources */,
				A71877432121C3290097951E /* NetCache.m in Sources */,
				040DC16B212D316A00FA6699 /* GPSServerManager.m in Sources */,
				040DC168212D300D00FA6699 /* UINavigationController+StackManager.m in Sources */,
				A7066CEC211FE50100B92231 /* YGSelectedDateView.m in Sources */,
				04F84FCB2134E793006320DF /* YGDBManager.m in Sources */,
				A71877452121C3290097951E /* NSString+BaseModel.m in Sources */,
				040DC14D212D017F00FA6699 /* YGEditUserInfoVC.m in Sources */,
				A78BCE442111F96500E6A48A /* YGStadiumViewController.m in Sources */,
				A7066CE6211FCCFC00B92231 /* YGCourseModel.m in Sources */,
				040DC161212D154000FA6699 /* UtilTextLimit.m in Sources */,
				A7CB4703212914F100AFD218 /* YGUserInfo.m in Sources */,
				04FEA4DD2114793C00E646BF /* YGStadiumCell.m in Sources */,
				A7066CEF211FE78900B92231 /* YGSelectDateModel.m in Sources */,
				A7066CFF2120272D00B92231 /* UITextView+PlaceHolder.m in Sources */,
				A79195E721133D6D0080757B /* YGLoginViewController.m in Sources */,
				A71877492121C3C00097951E /* NSString+Hash.m in Sources */,
				040DC15E212D14F600FA6699 /* NSString+Contains.m in Sources */,
				A7CB47122129242E00AFD218 /* MyActivityIndicatorView.m in Sources */,
				A7CB470021290CC700AFD218 /* NSString+MyString.m in Sources */,
				04638467213CC97800FAD580 /* YGAddressDetailByMapVC.m in Sources */,
				0463846A213CCA5700FAD580 /* MapAnnotation.m in Sources */,
				A78BCE252111F04E00E6A48A /* main.m in Sources */,
				A7066CE3211FCB5800B92231 /* YGCourseCell.m in Sources */,
				040DC151212D09F500FA6699 /* HAlertController.m in Sources */,
				A78BCE402111F80200E6A48A /* YGBaseViewController.m in Sources */,
				040DC157212D0B5C00FA6699 /* YGImagePickerController.m in Sources */,
				A78BCE382111F73900E6A48A /* YGMainTabbarViewController.m in Sources */,
				A78BCE172111F04E00E6A48A /* AppDelegate.m in Sources */,
				A7FF6BF12118492D001D30C3 /* YGStadiumModel.m in Sources */,
				A7CB46FA21290C1300AFD218 /* HUDManager.m in Sources */,
				A718774F2121C48E0097951E /* NSDate+Extension.m in Sources */,
				A7066CDD211FC9B100B92231 /* YGStadiumDetailVC.m in Sources */,
				A71877462121C3290097951E /* StatusModel.m in Sources */,
				040DC154212D0AA800FA6699 /* MicAssistant.m in Sources */,
				A718774C2121C45E0097951E /* DataManager.m in Sources */,
				A7066CE9211FCE6200B92231 /* YGImageTextHView.m in Sources */,
				A7CB47112129242E00AFD218 /* MJDIYFooter.m in Sources */,
				A71877412121C3290097951E /* BaseModel.m in Sources */,
				A7066CF52120149D00B92231 /* YGFeedBackViewController.m in Sources */,
				A78BCE3B2111F7C200E6A48A /* YGMeViewConter.m in Sources */,
				A7066CFB212014D700B92231 /* YGSelfInfoViewController.m in Sources */,
				A7CB471A212947EC00AFD218 /* YGStadiumSearchViewController.m in Sources */,
				A71877442121C3290097951E /* NSDictionary+BaseModel.m in Sources */,
				A7CB46FD21290C4700AFD218 /* BaseModel+HUD.m in Sources */,
				A7066CE0211FCA9200B92231 /* YGStadiumDetailHeadView.m in Sources */,
				A7066CF22120148B00B92231 /* YGMyCourseViewController.m in Sources */,
			);
			runOnlyForDeploymentPostprocessing = 0;
		};
/* End PBXSourcesBuildPhase section */

/* Begin XCBuildConfiguration section */
		A78BCE262111F04E00E6A48A /* Debug */ = {
			isa = XCBuildConfiguration;
			buildSettings = {
				ALWAYS_SEARCH_USER_PATHS = NO;
				CLANG_ANALYZER_NONNULL = YES;
				CLANG_ANALYZER_NUMBER_OBJECT_CONVERSION = YES_AGGRESSIVE;
				CLANG_CXX_LANGUAGE_STANDARD = "gnu++14";
				CLANG_CXX_LIBRARY = "libc++";
				CLANG_ENABLE_MODULES = YES;
				CLANG_ENABLE_OBJC_ARC = YES;
				CLANG_WARN_BLOCK_CAPTURE_AUTORELEASING = YES;
				CLANG_WARN_BOOL_CONVERSION = YES;
				CLANG_WARN_COMMA = YES;
				CLANG_WARN_CONSTANT_CONVERSION = YES;
				CLANG_WARN_DIRECT_OBJC_ISA_USAGE = YES_ERROR;
				CLANG_WARN_DOCUMENTATION_COMMENTS = YES;
				CLANG_WARN_EMPTY_BODY = YES;
				CLANG_WARN_ENUM_CONVERSION = YES;
				CLANG_WARN_INFINITE_RECURSION = YES;
				CLANG_WARN_INT_CONVERSION = YES;
				CLANG_WARN_NON_LITERAL_NULL_CONVERSION = YES;
				CLANG_WARN_OBJC_LITERAL_CONVERSION = YES;
				CLANG_WARN_OBJC_ROOT_CLASS = YES_ERROR;
				CLANG_WARN_RANGE_LOOP_ANALYSIS = YES;
				CLANG_WARN_STRICT_PROTOTYPES = YES;
				CLANG_WARN_SUSPICIOUS_MOVE = YES;
				CLANG_WARN_UNGUARDED_AVAILABILITY = YES_AGGRESSIVE;
				CLANG_WARN_UNREACHABLE_CODE = YES;
				CLANG_WARN__DUPLICATE_METHOD_MATCH = YES;
				CODE_SIGN_IDENTITY = "iPhone Developer";
				COPY_PHASE_STRIP = NO;
				DEBUG_INFORMATION_FORMAT = dwarf;
				ENABLE_STRICT_OBJC_MSGSEND = YES;
				ENABLE_TESTABILITY = YES;
				GCC_C_LANGUAGE_STANDARD = gnu11;
				GCC_DYNAMIC_NO_PIC = NO;
				GCC_NO_COMMON_BLOCKS = YES;
				GCC_OPTIMIZATION_LEVEL = 0;
				GCC_PREPROCESSOR_DEFINITIONS = (
					"DEBUG=1",
					"$(inherited)",
				);
				GCC_WARN_64_TO_32_BIT_CONVERSION = YES;
				GCC_WARN_ABOUT_RETURN_TYPE = YES_ERROR;
				GCC_WARN_UNDECLARED_SELECTOR = YES;
				GCC_WARN_UNINITIALIZED_AUTOS = YES_AGGRESSIVE;
				GCC_WARN_UNUSED_FUNCTION = YES;
				GCC_WARN_UNUSED_VARIABLE = YES;
				IPHONEOS_DEPLOYMENT_TARGET = 8.0;
				MTL_ENABLE_DEBUG_INFO = YES;
				ONLY_ACTIVE_ARCH = YES;
				SDKROOT = iphoneos;
			};
			name = Debug;
		};
		A78BCE272111F04E00E6A48A /* Release */ = {
			isa = XCBuildConfiguration;
			buildSettings = {
				ALWAYS_SEARCH_USER_PATHS = NO;
				CLANG_ANALYZER_NONNULL = YES;
				CLANG_ANALYZER_NUMBER_OBJECT_CONVERSION = YES_AGGRESSIVE;
				CLANG_CXX_LANGUAGE_STANDARD = "gnu++14";
				CLANG_CXX_LIBRARY = "libc++";
				CLANG_ENABLE_MODULES = YES;
				CLANG_ENABLE_OBJC_ARC = YES;
				CLANG_WARN_BLOCK_CAPTURE_AUTORELEASING = YES;
				CLANG_WARN_BOOL_CONVERSION = YES;
				CLANG_WARN_COMMA = YES;
				CLANG_WARN_CONSTANT_CONVERSION = YES;
				CLANG_WARN_DIRECT_OBJC_ISA_USAGE = YES_ERROR;
				CLANG_WARN_DOCUMENTATION_COMMENTS = YES;
				CLANG_WARN_EMPTY_BODY = YES;
				CLANG_WARN_ENUM_CONVERSION = YES;
				CLANG_WARN_INFINITE_RECURSION = YES;
				CLANG_WARN_INT_CONVERSION = YES;
				CLANG_WARN_NON_LITERAL_NULL_CONVERSION = YES;
				CLANG_WARN_OBJC_LITERAL_CONVERSION = YES;
				CLANG_WARN_OBJC_ROOT_CLASS = YES_ERROR;
				CLANG_WARN_RANGE_LOOP_ANALYSIS = YES;
				CLANG_WARN_STRICT_PROTOTYPES = YES;
				CLANG_WARN_SUSPICIOUS_MOVE = YES;
				CLANG_WARN_UNGUARDED_AVAILABILITY = YES_AGGRESSIVE;
				CLANG_WARN_UNREACHABLE_CODE = YES;
				CLANG_WARN__DUPLICATE_METHOD_MATCH = YES;
				CODE_SIGN_IDENTITY = "iPhone Developer";
				COPY_PHASE_STRIP = NO;
				DEBUG_INFORMATION_FORMAT = "dwarf-with-dsym";
				ENABLE_NS_ASSERTIONS = NO;
				ENABLE_STRICT_OBJC_MSGSEND = YES;
				GCC_C_LANGUAGE_STANDARD = gnu11;
				GCC_NO_COMMON_BLOCKS = YES;
				GCC_WARN_64_TO_32_BIT_CONVERSION = YES;
				GCC_WARN_ABOUT_RETURN_TYPE = YES_ERROR;
				GCC_WARN_UNDECLARED_SELECTOR = YES;
				GCC_WARN_UNINITIALIZED_AUTOS = YES_AGGRESSIVE;
				GCC_WARN_UNUSED_FUNCTION = YES;
				GCC_WARN_UNUSED_VARIABLE = YES;
				IPHONEOS_DEPLOYMENT_TARGET = 8.0;
				MTL_ENABLE_DEBUG_INFO = NO;
				SDKROOT = iphoneos;
				VALIDATE_PRODUCT = YES;
			};
			name = Release;
		};
		A78BCE292111F04E00E6A48A /* Debug */ = {
			isa = XCBuildConfiguration;
			baseConfigurationReference = 0E623DC9143D5EB30C79F11C /* Pods-YoGa.debug.xcconfig */;
			buildSettings = {
				ASSETCATALOG_COMPILER_APPICON_NAME = AppIcon;
				ASSETCATALOG_COMPILER_LAUNCHIMAGE_NAME = LaunchImage;
				CODE_SIGN_STYLE = Manual;
				DEVELOPMENT_TEAM = U2LS27AP58;
				GCC_PRECOMPILE_PREFIX_HEADER = YES;
				GCC_PREFIX_HEADER = "$(SRCROOT)/YoGa/PrefixHeader.pch";
				INFOPLIST_FILE = YoGa/Info.plist;
				IPHONEOS_DEPLOYMENT_TARGET = 8.0;
				LD_RUNPATH_SEARCH_PATHS = "$(inherited) @executable_path/Frameworks";
				PRODUCT_BUNDLE_IDENTIFIER = com.yujialian.yoga;
				PRODUCT_NAME = "$(TARGET_NAME)";
				PROVISIONING_PROFILE = "963bf9fd-0f22-417f-839e-3dbc17a0028d";
				PROVISIONING_PROFILE_SPECIFIER = YuJiaLian_dev_profile;
				TARGETED_DEVICE_FAMILY = "1,2";
			};
			name = Debug;
		};
		A78BCE2A2111F04E00E6A48A /* Release */ = {
			isa = XCBuildConfiguration;
			baseConfigurationReference = 659A1613AEB23BB91E3490FA /* Pods-YoGa.release.xcconfig */;
			buildSettings = {
				ASSETCATALOG_COMPILER_APPICON_NAME = AppIcon;
				ASSETCATALOG_COMPILER_LAUNCHIMAGE_NAME = LaunchImage;
				CODE_SIGN_IDENTITY = "iPhone Distribution";
				CODE_SIGN_STYLE = Manual;
				DEVELOPMENT_TEAM = U2LS27AP58;
				GCC_PRECOMPILE_PREFIX_HEADER = YES;
				GCC_PREFIX_HEADER = "$(SRCROOT)/YoGa/PrefixHeader.pch";
				INFOPLIST_FILE = YoGa/Info.plist;
				IPHONEOS_DEPLOYMENT_TARGET = 8.0;
				LD_RUNPATH_SEARCH_PATHS = "$(inherited) @executable_path/Frameworks";
				PRODUCT_BUNDLE_IDENTIFIER = com.yujialian.yoga;
				PRODUCT_NAME = "$(TARGET_NAME)";
				PROVISIONING_PROFILE = "486b142e-f195-4480-aff5-95b9d5cb42f8";
				PROVISIONING_PROFILE_SPECIFIER = YuJiaLian_pro_profile;
				TARGETED_DEVICE_FAMILY = "1,2";
			};
			name = Release;
		};
/* End XCBuildConfiguration section */

/* Begin XCConfigurationList section */
		A78BCE0D2111F04E00E6A48A /* Build configuration list for PBXProject "YoGa" */ = {
			isa = XCConfigurationList;
			buildConfigurations = (
				A78BCE262111F04E00E6A48A /* Debug */,
				A78BCE272111F04E00E6A48A /* Release */,
			);
			defaultConfigurationIsVisible = 0;
			defaultConfigurationName = Release;
		};
		A78BCE282111F04E00E6A48A /* Build configuration list for PBXNativeTarget "YoGa" */ = {
			isa = XCConfigurationList;
			buildConfigurations = (
				A78BCE292111F04E00E6A48A /* Debug */,
				A78BCE2A2111F04E00E6A48A /* Release */,
			);
			defaultConfigurationIsVisible = 0;
			defaultConfigurationName = Release;
		};
/* End XCConfigurationList section */
	};
	rootObject = A78BCE0A2111F04E00E6A48A /* Project object */;
}
